// !$*UTF8*$!
{
	archiveVersion = 1;
	classes = {
	};
	objectVersion = 56;
	objects = {

/* Begin PBXBuildFile section */
		8260D98F290CF1AE009082B6 /* MainTableViewCell.swift in Sources */ = {isa = PBXBuildFile; fileRef = 8260D98D290CF1AE009082B6 /* MainTableViewCell.swift */; };
		8260D990290CF1AE009082B6 /* MainTableViewCell.xib in Resources */ = {isa = PBXBuildFile; fileRef = 8260D98E290CF1AE009082B6 /* MainTableViewCell.xib */; };
		8299BBA2290C0A87008379E8 /* adViewController.swift in Sources */ = {isa = PBXBuildFile; fileRef = 8299BBA1290C0A87008379E8 /* adViewController.swift */; };
		82DD1DD6290B9E7F00590D91 /* AppDelegate.swift in Sources */ = {isa = PBXBuildFile; fileRef = 82DD1DD5290B9E7F00590D91 /* AppDelegate.swift */; };
		82DD1DD8290B9E7F00590D91 /* SceneDelegate.swift in Sources */ = {isa = PBXBuildFile; fileRef = 82DD1DD7290B9E7F00590D91 /* SceneDelegate.swift */; };
		82DD1DDA290B9E7F00590D91 /* ViewController.swift in Sources */ = {isa = PBXBuildFile; fileRef = 82DD1DD9290B9E7F00590D91 /* ViewController.swift */; };
		82DD1DDD290B9E7F00590D91 /* Main.storyboard in Resources */ = {isa = PBXBuildFile; fileRef = 82DD1DDB290B9E7F00590D91 /* Main.storyboard */; };
		82DD1DDF290B9E8000590D91 /* Assets.xcassets in Resources */ = {isa = PBXBuildFile; fileRef = 82DD1DDE290B9E8000590D91 /* Assets.xcassets */; };
		82DD1DE2290B9E8000590D91 /* LaunchScreen.storyboard in Resources */ = {isa = PBXBuildFile; fileRef = 82DD1DE0290B9E8000590D91 /* LaunchScreen.storyboard */; };
		82DD1E1A290BBAF600590D91 /* ad.csv in Resources */ = {isa = PBXBuildFile; fileRef = 82DD1E19290BBAF600590D91 /* ad.csv */; };
/* End PBXBuildFile section */

/* Begin PBXFileReference section */
		8260D98D290CF1AE009082B6 /* MainTableViewCell.swift */ = {isa = PBXFileReference; lastKnownFileType = sourcecode.swift; path = MainTableViewCell.swift; sourceTree = "<group>"; };
		8260D98E290CF1AE009082B6 /* MainTableViewCell.xib */ = {isa = PBXFileReference; lastKnownFileType = file.xib; path = MainTableViewCell.xib; sourceTree = "<group>"; };
		8299BBA1290C0A87008379E8 /* adViewController.swift */ = {isa = PBXFileReference; lastKnownFileType = sourcecode.swift; path = adViewController.swift; sourceTree = "<group>"; };
		82DD1DD2290B9E7F00590D91 /* AobaHonmoku.app */ = {isa = PBXFileReference; explicitFileType = wrapper.application; includeInIndex = 0; path = AobaHonmoku.app; sourceTree = BUILT_PRODUCTS_DIR; };
		82DD1DD5290B9E7F00590D91 /* AppDelegate.swift */ = {isa = PBXFileReference; lastKnownFileType = sourcecode.swift; path = AppDelegate.swift; sourceTree = "<group>"; };
		82DD1DD7290B9E7F00590D91 /* SceneDelegate.swift */ = {isa = PBXFileReference; lastKnownFileType = sourcecode.swift; path = SceneDelegate.swift; sourceTree = "<group>"; };
		82DD1DD9290B9E7F00590D91 /* ViewController.swift */ = {isa = PBXFileReference; lastKnownFileType = sourcecode.swift; path = ViewController.swift; sourceTree = "<group>"; };
		82DD1DDC290B9E7F00590D91 /* Base */ = {isa = PBXFileReference; lastKnownFileType = file.storyboard; name = Base; path = Base.lproj/Main.storyboard; sourceTree = "<group>"; };
		82DD1DDE290B9E8000590D91 /* Assets.xcassets */ = {isa = PBXFileReference; lastKnownFileType = folder.assetcatalog; path = Assets.xcassets; sourceTree = "<group>"; };
		82DD1DE1290B9E8000590D91 /* Base */ = {isa = PBXFileReference; lastKnownFileType = file.storyboard; name = Base; path = Base.lproj/LaunchScreen.storyboard; sourceTree = "<group>"; };
		82DD1DE3290B9E8000590D91 /* Info.plist */ = {isa = PBXFileReference; lastKnownFileType = text.plist.xml; path = Info.plist; sourceTree = "<group>"; };
		82DD1E19290BBAF600590D91 /* ad.csv */ = {isa = PBXFileReference; lastKnownFileType = text; path = ad.csv; sourceTree = "<group>"; };
/* End PBXFileReference section */

/* Begin PBXFrameworksBuildPhase section */
		82DD1DCF290B9E7F00590D91 /* Frameworks */ = {
			isa = PBXFrameworksBuildPhase;
			buildActionMask = 2147483647;
			files = (
			);
			runOnlyForDeploymentPostprocessing = 0;
		};
/* End PBXFrameworksBuildPhase section */

/* Begin PBXGroup section */
		82DD1DC9290B9E7F00590D91 = {
			isa = PBXGroup;
			children = (
				82DD1DD4290B9E7F00590D91 /* AobaHonmoku */,
				82DD1DD3290B9E7F00590D91 /* Products */,
			);
			sourceTree = "<group>";
		};
		82DD1DD3290B9E7F00590D91 /* Products */ = {
			isa = PBXGroup;
			children = (
				82DD1DD2290B9E7F00590D91 /* AobaHonmoku.app */,
			);
			name = Products;
			sourceTree = "<group>";
		};
		82DD1DD4290B9E7F00590D91 /* AobaHonmoku */ = {
			isa = PBXGroup;
			children = (
				82DD1E19290BBAF600590D91 /* ad.csv */,
				82DD1DD5290B9E7F00590D91 /* AppDelegate.swift */,
				82DD1DD7290B9E7F00590D91 /* SceneDelegate.swift */,
				82DD1DD9290B9E7F00590D91 /* ViewController.swift */,
				82DD1DDB290B9E7F00590D91 /* Main.storyboard */,
				8299BBA1290C0A87008379E8 /* adViewController.swift */,
				8260D98D290CF1AE009082B6 /* MainTableViewCell.swift */,
				8260D98E290CF1AE009082B6 /* MainTableViewCell.xib */,
				82DD1DDE290B9E8000590D91 /* Assets.xcassets */,
				82DD1DE0290B9E8000590D91 /* LaunchScreen.storyboard */,
				82DD1DE3290B9E8000590D91 /* Info.plist */,
			);
			path = AobaHonmoku;
			sourceTree = "<group>";
		};
/* End PBXGroup section */

/* Begin PBXNativeTarget section */
		82DD1DD1290B9E7F00590D91 /* AobaHonmoku */ = {
			isa = PBXNativeTarget;
			buildConfigurationList = 82DD1DE6290B9E8000590D91 /* Build configuration list for PBXNativeTarget "AobaHonmoku" */;
			buildPhases = (
				82DD1DCE290B9E7F00590D91 /* Sources */,
				82DD1DCF290B9E7F00590D91 /* Frameworks */,
				82DD1DD0290B9E7F00590D91 /* Resources */,
			);
			buildRules = (
			);
			dependencies = (
			);
			name = AobaHonmoku;
			productName = AobaHonmoku;
			productReference = 82DD1DD2290B9E7F00590D91 /* AobaHonmoku.app */;
			productType = "com.apple.product-type.application";
		};
/* End PBXNativeTarget section */

/* Begin PBXProject section */
		82DD1DCA290B9E7F00590D91 /* Project object */ = {
			isa = PBXProject;
			attributes = {
				BuildIndependentTargetsInParallel = 1;
				LastSwiftUpdateCheck = 1400;
				LastUpgradeCheck = 1400;
				TargetAttributes = {
					82DD1DD1290B9E7F00590D91 = {
						CreatedOnToolsVersion = 14.0.1;
					};
				};
			};
			buildConfigurationList = 82DD1DCD290B9E7F00590D91 /* Build configuration list for PBXProject "AobaHonmoku" */;
			compatibilityVersion = "Xcode 14.0";
			developmentRegion = en;
			hasScannedForEncodings = 0;
			knownRegions = (
				en,
				Base,
			);
			mainGroup = 82DD1DC9290B9E7F00590D91;
			productRefGroup = 82DD1DD3290B9E7F00590D91 /* Products */;
			projectDirPath = "";
			projectRoot = "";
			targets = (
				82DD1DD1290B9E7F00590D91 /* AobaHonmoku */,
			);
		};
/* End PBXProject section */

/* Begin PBXResourcesBuildPhase section */
		82DD1DD0290B9E7F00590D91 /* Resources */ = {
			isa = PBXResourcesBuildPhase;
			buildActionMask = 2147483647;
			files = (
				82DD1DE2290B9E8000590D91 /* LaunchScreen.storyboard in Resources */,
				82DD1E1A290BBAF600590D91 /* ad.csv in Resources */,
				82DD1DDF290B9E8000590D91 /* Assets.xcassets in Resources */,
				82DD1DDD290B9E7F00590D91 /* Main.storyboard in Resources */,
				8260D990290CF1AE009082B6 /* MainTableViewCell.xib in Resources */,
			);
			runOnlyForDeploymentPostprocessing = 0;
		};
/* End PBXResourcesBuildPhase section */

/* Begin PBXSourcesBuildPhase section */
		82DD1DCE290B9E7F00590D91 /* Sources */ = {
			isa = PBXSourcesBuildPhase;
			buildActionMask = 2147483647;
			files = (
				82DD1DDA290B9E7F00590D91 /* ViewController.swift in Sources */,
				8299BBA2290C0A87008379E8 /* adViewController.swift in Sources */,
				82DD1DD6290B9E7F00590D91 /* AppDelegate.swift in Sources */,
				82DD1DD8290B9E7F00590D91 /* SceneDelegate.swift in Sources */,
				8260D98F290CF1AE009082B6 /* MainTableViewCell.swift in Sources */,
			);
			runOnlyForDeploymentPostprocessing = 0;
		};
/* End PBXSourcesBuildPhase section */

/* Begin PBXVariantGroup section */
		82DD1DDB290B9E7F00590D91 /* Main.storyboard */ = {
			isa = PBXVariantGroup;
			children = (
				82DD1DDC290B9E7F00590D91 /* Base */,
			);
			name = Main.storyboard;
			sourceTree = "<group>";
		};
		82DD1DE0290B9E8000590D91 /* LaunchScreen.storyboard */ = {
			isa = PBXVariantGroup;
			children = (
				82DD1DE1290B9E8000590D91 /* Base */,
			);
			name = LaunchScreen.storyboard;
			sourceTree = "<group>";
		};
/* End PBXVariantGroup section */

/* Begin XCBuildConfiguration section */
		82DD1DE4290B9E8000590D91 /* Debug */ = {
			isa = XCBuildConfiguration;
			buildSettings = {
				ALWAYS_SEARCH_USER_PATHS = NO;
				CLANG_ANALYZER_NONNULL = YES;
				CLANG_ANALYZER_NUMBER_OBJECT_CONVERSION = YES_AGGRESSIVE;
				CLANG_CXX_LANGUAGE_STANDARD = "gnu++20";
				CLANG_ENABLE_MODULES = YES;
				CLANG_ENABLE_OBJC_ARC = YES;
				CLANG_ENABLE_OBJC_WEAK = YES;
				CLANG_WARN_BLOCK_CAPTURE_AUTORELEASING = YES;
				CLANG_WARN_BOOL_CONVERSION = YES;
				CLANG_WARN_COMMA = YES;
				CLANG_WARN_CONSTANT_CONVERSION = YES;
				CLANG_WARN_DEPRECATED_OBJC_IMPLEMENTATIONS = YES;
				CLANG_WARN_DIRECT_OBJC_ISA_USAGE = YES_ERROR;
				CLANG_WARN_DOCUMENTATION_COMMENTS = YES;
				CLANG_WARN_EMPTY_BODY = YES;
				CLANG_WARN_ENUM_CONVERSION = YES;
				CLANG_WARN_INFINITE_RECURSION = YES;
				CLANG_WARN_INT_CONVERSION = YES;
				CLANG_WARN_NON_LITERAL_NULL_CONVERSION = YES;
				CLANG_WARN_OBJC_IMPLICIT_RETAIN_SELF = YES;
				CLANG_WARN_OBJC_LITERAL_CONVERSION = YES;
				CLANG_WARN_OBJC_ROOT_CLASS = YES_ERROR;
				CLANG_WARN_QUOTED_INCLUDE_IN_FRAMEWORK_HEADER = YES;
				CLANG_WARN_RANGE_LOOP_ANALYSIS = YES;
				CLANG_WARN_STRICT_PROTOTYPES = YES;
				CLANG_WARN_SUSPICIOUS_MOVE = YES;
				CLANG_WARN_UNGUARDED_AVAILABILITY = YES_AGGRESSIVE;
				CLANG_WARN_UNREACHABLE_CODE = YES;
				CLANG_WARN__DUPLICATE_METHOD_MATCH = YES;
				COPY_PHASE_STRIP = NO;
				DEBUG_INFORMATION_FORMAT = dwarf;
				ENABLE_STRICT_OBJC_MSGSEND = YES;
				ENABLE_TESTABILITY = YES;
				GCC_C_LANGUAGE_STANDARD = gnu11;
				GCC_DYNAMIC_NO_PIC = NO;
				GCC_NO_COMMON_BLOCKS = YES;
				GCC_OPTIMIZATION_LEVEL = 0;
				GCC_PREPROCESSOR_DEFINITIONS = (
					"DEBUG=1",
					"$(inherited)",
				);
				GCC_WARN_64_TO_32_BIT_CONVERSION = YES;
				GCC_WARN_ABOUT_RETURN_TYPE = YES_ERROR;
				GCC_WARN_UNDECLARED_SELECTOR = YES;
				GCC_WARN_UNINITIALIZED_AUTOS = YES_AGGRESSIVE;
				GCC_WARN_UNUSED_FUNCTION = YES;
				GCC_WARN_UNUSED_VARIABLE = YES;
				IPHONEOS_DEPLOYMENT_TARGET = 16.0;
				MTL_ENABLE_DEBUG_INFO = INCLUDE_SOURCE;
				MTL_FAST_MATH = YES;
				ONLY_ACTIVE_ARCH = YES;
				SDKROOT = iphoneos;
				SWIFT_ACTIVE_COMPILATION_CONDITIONS = DEBUG;
				SWIFT_OPTIMIZATION_LEVEL = "-Onone";
			};
			name = Debug;
		};
		82DD1DE5290B9E8000590D91 /* Release */ = {
			isa = XCBuildConfiguration;
			buildSettings = {
				ALWAYS_SEARCH_USER_PATHS = NO;
				CLANG_ANALYZER_NONNULL = YES;
				CLANG_ANALYZER_NUMBER_OBJECT_CONVERSION = YES_AGGRESSIVE;
				CLANG_CXX_LANGUAGE_STANDARD = "gnu++20";
				CLANG_ENABLE_MODULES = YES;
				CLANG_ENABLE_OBJC_ARC = YES;
				CLANG_ENABLE_OBJC_WEAK = YES;
				CLANG_WARN_BLOCK_CAPTURE_AUTORELEASING = YES;
				CLANG_WARN_BOOL_CONVERSION = YES;
				CLANG_WARN_COMMA = YES;
				CLANG_WARN_CONSTANT_CONVERSION = YES;
				CLANG_WARN_DEPRECATED_OBJC_IMPLEMENTATIONS = YES;
				CLANG_WARN_DIRECT_OBJC_ISA_USAGE = YES_ERROR;
				CLANG_WARN_DOCUMENTATION_COMMENTS = YES;
				CLANG_WARN_EMPTY_BODY = YES;
				CLANG_WARN_ENUM_CONVERSION = YES;
				CLANG_WARN_INFINITE_RECURSION = YES;
				CLANG_WARN_INT_CONVERSION = YES;
				CLANG_WARN_NON_LITERAL_NULL_CONVERSION = YES;
				CLANG_WARN_OBJC_IMPLICIT_RETAIN_SELF = YES;
				CLANG_WARN_OBJC_LITERAL_CONVERSION = YES;
				CLANG_WARN_OBJC_ROOT_CLASS = YES_ERROR;
				CLANG_WARN_QUOTED_INCLUDE_IN_FRAMEWORK_HEADER = YES;
				CLANG_WARN_RANGE_LOOP_ANALYSIS = YES;
				CLANG_WARN_STRICT_PROTOTYPES = YES;
				CLANG_WARN_SUSPICIOUS_MOVE = YES;
				CLANG_WARN_UNGUARDED_AVAILABILITY = YES_AGGRESSIVE;
				CLANG_WARN_UNREACHABLE_CODE = YES;
				CLANG_WARN__DUPLICATE_METHOD_MATCH = YES;
				COPY_PHASE_STRIP = NO;
				DEBUG_INFORMATION_FORMAT = "dwarf-with-dsym";
				ENABLE_NS_ASSERTIONS = NO;
				ENABLE_STRICT_OBJC_MSGSEND = YES;
				GCC_C_LANGUAGE_STANDARD = gnu11;
				GCC_NO_COMMON_BLOCKS = YES;
				GCC_WARN_64_TO_32_BIT_CONVERSION = YES;
				GCC_WARN_ABOUT_RETURN_TYPE = YES_ERROR;
				GCC_WARN_UNDECLARED_SELECTOR = YES;
				GCC_WARN_UNINITIALIZED_AUTOS = YES_AGGRESSIVE;
				GCC_WARN_UNUSED_FUNCTION = YES;
				GCC_WARN_UNUSED_VARIABLE = YES;
				IPHONEOS_DEPLOYMENT_TARGET = 16.0;
				MTL_ENABLE_DEBUG_INFO = NO;
				MTL_FAST_MATH = YES;
				SDKROOT = iphoneos;
				SWIFT_COMPILATION_MODE = wholemodule;
				SWIFT_OPTIMIZATION_LEVEL = "-O";
				VALIDATE_PRODUCT = YES;
			};
			name = Release;
		};
		82DD1DE7290B9E8000590D91 /* Debug */ = {
			isa = XCBuildConfiguration;
			buildSettings = {
				ASSETCATALOG_COMPILER_APPICON_NAME = AppIcon;
				ASSETCATALOG_COMPILER_GLOBAL_ACCENT_COLOR_NAME = AccentColor;
				CODE_SIGN_STYLE = Automatic;
				CURRENT_PROJECT_VERSION = 1;
				DEVELOPMENT_TEAM = VRB76PW4B6;
				GENERATE_INFOPLIST_FILE = YES;
				INFOPLIST_FILE = AobaHonmoku/Info.plist;
				INFOPLIST_KEY_UIApplicationSupportsIndirectInputEvents = YES;
				INFOPLIST_KEY_UILaunchStoryboardName = LaunchScreen;
				INFOPLIST_KEY_UIMainStoryboardFile = Main;
				INFOPLIST_KEY_UISupportedInterfaceOrientations_iPad = "UIInterfaceOrientationPortrait UIInterfaceOrientationPortraitUpsideDown UIInterfaceOrientationLandscapeLeft UIInterfaceOrientationLandscapeRight";
				INFOPLIST_KEY_UISupportedInterfaceOrientations_iPhone = "UIInterfaceOrientationPortrait UIInterfaceOrientationLandscapeLeft UIInterfaceOrientationLandscapeRight";
				LD_RUNPATH_SEARCH_PATHS = (
					"$(inherited)",
					"@executable_path/Frameworks",
				);
				MARKETING_VERSION = 1.0;
				PRODUCT_BUNDLE_IDENTIFIER = "com.yuto-ogawa.AobaHonmoku";
				PRODUCT_NAME = "$(TARGET_NAME)";
				SWIFT_EMIT_LOC_STRINGS = YES;
				SWIFT_VERSION = 5.0;
				TARGETED_DEVICE_FAMILY = "1,2";
			};
			name = Debug;
		};
		82DD1DE8290B9E8000590D91 /* Release */ = {
			isa = XCBuildConfiguration;
			buildSettings = {
				ASSETCATALOG_COMPILER_APPICON_NAME = AppIcon;
				ASSETCATALOG_COMPILER_GLOBAL_ACCENT_COLOR_NAME = AccentColor;
				CODE_SIGN_STYLE = Automatic;
				CURRENT_PROJECT_VERSION = 1;
				DEVELOPMENT_TEAM = VRB76PW4B6;
				GENERATE_INFOPLIST_FILE = YES;
				INFOPLIST_FILE = AobaHonmoku/Info.plist;
				INFOPLIST_KEY_UIApplicationSupportsIndirectInputEvents = YES;
				INFOPLIST_KEY_UILaunchStoryboardName = LaunchScreen;
				INFOPLIST_KEY_UIMainStoryboardFile = Main;
				INFOPLIST_KEY_UISupportedInterfaceOrientations_iPad = "UIInterfaceOrientationPortrait UIInterfaceOrientationPortraitUpsideDown UIInterfaceOrientationLandscapeLeft UIInterfaceOrientationLandscapeRight";
				INFOPLIST_KEY_UISupportedInterfaceOrientations_iPhone = "UIInterfaceOrientationPortrait UIInterfaceOrientationLandscapeLeft UIInterfaceOrientationLandscapeRight";
				LD_RUNPATH_SEARCH_PATHS = (
					"$(inherited)",
					"@executable_path/Frameworks",
				);
				MARKETING_VERSION = 1.0;
				PRODUCT_BUNDLE_IDENTIFIER = "com.yuto-ogawa.AobaHonmoku";
				PRODUCT_NAME = "$(TARGET_NAME)";
				SWIFT_EMIT_LOC_STRINGS = YES;
				SWIFT_VERSION = 5.0;
				TARGETED_DEVICE_FAMILY = "1,2";
			};
			name = Release;
		};
/* End XCBuildConfiguration section */

/* Begin XCConfigurationList section */
		82DD1DCD290B9E7F00590D91 /* Build configuration list for PBXProject "AobaHonmoku" */ = {
			isa = XCConfigurationList;
			buildConfigurations = (
				82DD1DE4290B9E8000590D91 /* Debug */,
				82DD1DE5290B9E8000590D91 /* Release */,
			);
			defaultConfigurationIsVisible = 0;
			defaultConfigurationName = Release;
		};
		82DD1DE6290B9E8000590D91 /* Build configuration list for PBXNativeTarget "AobaHonmoku" */ = {
			isa = XCConfigurationList;
			buildConfigurations = (
				82DD1DE7290B9E8000590D91 /* Debug */,
				82DD1DE8290B9E8000590D91 /* Release */,
			);
			defaultConfigurationIsVisible = 0;
			defaultConfigurationName = Release;
		};
/* End XCConfigurationList section */
	};
	rootObject = 82DD1DCA290B9E7F00590D91 /* Project object */;
}
